
Microsoft Visual Studio Solution File, Format Version 12.00
# Visual Studio Version 17
VisualStudioVersion = 17.6.33829.357
MinimumVisualStudioVersion = 10.0.40219.1
Project("{FAE04EC0-301F-11D3-BF4B-00C04F79EFBC}") = "EmployeeRefactoring", "EmployeeRefactoring\EmployeeRefactoring.csproj", "{302CDB74-846C-49D4-AF57-11DB68A07045}"
EndProject
Global
	GlobalSection(SolutionConfigurationPlatforms) = preSolution
		Debug|Any CPU = Debug|Any CPU
		Release|Any CPU = Release|Any CPU
	EndGlobalSection
	GlobalSection(ProjectConfigurationPlatforms) = postSolution
		{302CDB74-846C-49D4-AF57-11DB68A07045}.Debug|Any CPU.ActiveCfg = Debug|Any CPU
		{302CDB74-846C-49D4-AF57-11DB68A07045}.Debug|Any CPU.Build.0 = Debug|Any CPU
		{302CDB74-846C-49D4-AF57-11DB68A07045}.Release|Any CPU.ActiveCfg = Release|Any CPU
		{302CDB74-846C-49D4-AF57-11DB68A07045}.Release|Any CPU.Build.0 = Release|Any CPU
	EndGlobalSection
	GlobalSection(SolutionProperties) = preSolution
		HideSolutionNode = FALSE
	EndGlobalSection
	GlobalSection(ExtensibilityGlobals) = postSolution
		SolutionGuid = {C38CBEA3-1009-4E6F-8A47-A0B5A57B4907}
	EndGlobalSection
EndGlobal
